
Microsoft Visual Studio Solution File, Format Version 12.00
# Visual Studio 14
VisualStudioVersion = 14.0.25420.1
MinimumVisualStudioVersion = 10.0.40219.1
Project("{FAE04EC0-301F-11D3-BF4B-00C04F79EFBC}") = "HelpdeskDAL", "HelpdeskDAL\HelpdeskDAL.csproj", "{1CEE1DE1-279D-465A-A036-F20E0489C651}"
EndProject
Project("{FAE04EC0-301F-11D3-BF4B-00C04F79EFBC}") = "Case1UnitTests", "Case1UnitTests\Case1UnitTests.csproj", "{E5E67ACA-722A-48C1-B473-35B56EB496B2}"
EndProject
Global
	GlobalSection(SolutionConfigurationPlatforms) = preSolution
		Debug|Any CPU = Debug|Any CPU
		Release|Any CPU = Release|Any CPU
	EndGlobalSection
	GlobalSection(ProjectConfigurationPlatforms) = postSolution
		{1CEE1DE1-279D-465A-A036-F20E0489C651}.Debug|Any CPU.ActiveCfg = Debug|Any CPU
		{1CEE1DE1-279D-465A-A036-F20E0489C651}.Debug|Any CPU.Build.0 = Debug|Any CPU
		{1CEE1DE1-279D-465A-A036-F20E0489C651}.Release|Any CPU.ActiveCfg = Release|Any CPU
		{1CEE1DE1-279D-465A-A036-F20E0489C651}.Release|Any CPU.Build.0 = Release|Any CPU
		{E5E67ACA-722A-48C1-B473-35B56EB496B2}.Debug|Any CPU.ActiveCfg = Debug|Any CPU
		{E5E67ACA-722A-48C1-B473-35B56EB496B2}.Debug|Any CPU.Build.0 = Debug|Any CPU
		{E5E67ACA-722A-48C1-B473-35B56EB496B2}.Release|Any CPU.ActiveCfg = Release|Any CPU
		{E5E67ACA-722A-48C1-B473-35B56EB496B2}.Release|Any CPU.Build.0 = Release|Any CPU
	EndGlobalSection
	GlobalSection(SolutionProperties) = preSolution
		HideSolutionNode = FALSE
	EndGlobalSection
EndGlobal
